<?xml version="1.0" encoding="utf-8"?>
<Project ToolsVersion="4.0" xmlns="http://schemas.microsoft.com/developer/msbuild/2003">
  <ItemGroup>
    <Filter Include="Исходные файлы">
      <UniqueIdentifier>{4FC737F1-C7A5-4376-A066-2A32D752A2FF}</UniqueIdentifier>
      <Extensions>cpp;c;cc;cxx;c++;cppm;ixx;def;odl;idl;hpj;bat;asm;asmx</Extensions>
    </Filter>
    <Filter Include="Файлы ресурсов">
      <UniqueIdentifier>{67DA6AB6-F800-4c08-8B7A-83BB121AAD01}</UniqueIdentifier>
      <Extensions>rc;ico;cur;bmp;dlg;rc2;rct;bin;rgs;gif;jpg;jpeg;jpe;resx;tiff;tif;png;wav;mfcribbon-ms</Extensions>
    </Filter>
    <Filter Include="Исходные файлы\Window">
      <UniqueIdentifier>{022168ad-b372-454a-8449-a2244d70cd7a}</UniqueIdentifier>
    </Filter>
  </ItemGroup>
  <ItemGroup>
    <ClCompile Include="src\main.cpp">
      <Filter>Исходные файлы</Filter>
    </ClCompile>
    <ClCompile Include="src\window\Window.cpp">
      <Filter>Исходные файлы\Window</Filter>
    </ClCompile>
    <ClCompile Include="src\input\Input.cpp">
      <Filter>Исходные файлы\Window</Filter>
    </ClCompile>
    <ClCompile Include="dependencies\stb_image.cpp">
      <Filter>Исходные файлы</Filter>
    </ClCompile>
    <ClCompile Include="src\shaders\Shader.cpp">
      <Filter>Исходные файлы</Filter>
    </ClCompile>
    <ClCompile Include="src\render\model\Model.cpp">
      <Filter>Исходные файлы</Filter>
    </ClCompile>
    <ClCompile Include="src\player\Camera.cpp">
      <Filter>Исходные файлы</Filter>
    </ClCompile>
    <ClCompile Include="src\utils\Files.cpp">
      <Filter>Исходные файлы</Filter>
    </ClCompile>
    <ClCompile Include="src\utils\Json.cpp">
      <Filter>Исходные файлы</Filter>
    </ClCompile>
    <ClCompile Include="src\config\Config.cpp">
      <Filter>Исходные файлы</Filter>
    </ClCompile>
    <ClCompile Include="src\render\Renderer.cpp">
      <Filter>Исходные файлы</Filter>
    </ClCompile>
    <ClCompile Include="src\textures\BasicTexture.cpp">
      <Filter>Исходные файлы</Filter>
    </ClCompile>
    <ClCompile Include="src\textures\CubeTexture.cpp">
      <Filter>Исходные файлы</Filter>
    </ClCompile>
    <ClCompile Include="src\textures\TextureManager.cpp">
      <Filter>Исходные файлы</Filter>
    </ClCompile>
    <ClCompile Include="src\textures\TextureAtlas.cpp">
      <Filter>Исходные файлы</Filter>
    </ClCompile>
    <ClCompile Include="src\world\block\BlocksDatabase.cpp">
      <Filter>Исходные файлы</Filter>
    </ClCompile>
    <ClCompile Include="src\world\chunk\Chunk.cpp">
      <Filter>Исходные файлы</Filter>
    </ClCompile>
    <ClCompile Include="src\world\chunk\ChunkModel.cpp">
      <Filter>Исходные файлы</Filter>
    </ClCompile>
    <ClCompile Include="src\world\chunk\ChunkModelBuilder.cpp">
      <Filter>Исходные файлы</Filter>
    </ClCompile>
    <ClCompile Include="src\world\World.cpp">
      <Filter>Исходные файлы</Filter>
    </ClCompile>
    <ClCompile Include="src\world\chunk\ChunkManager.cpp">
      <Filter>Исходные файлы</Filter>
    </ClCompile>
    <ClCompile Include="src\render\ChunkRenderer.cpp">
      <Filter>Исходные файлы</Filter>
    </ClCompile>
    <ClCompile Include="src\world\generation\terrain\SuperFlatGenerator.cpp">
      <Filter>Исходные файлы</Filter>
    </ClCompile>
    <ClCompile Include="src\PlayState.cpp">
      <Filter>Исходные файлы</Filter>
    </ClCompile>
    <ClCompile Include="src\player\Player.cpp">
      <Filter>Исходные файлы</Filter>
    </ClCompile>
    <ClCompile Include="src\math\shapes\Frustum.cpp">
      <Filter>Исходные файлы</Filter>
    </ClCompile>
    <ClCompile Include="src\render\SkyboxRenderer.cpp">
      <Filter>Исходные файлы</Filter>
    </ClCompile>
    <ClCompile Include="src\render\framebuffer\DepthFramebuffer.cpp">
      <Filter>Исходные файлы</Filter>
    </ClCompile>
    <ClCompile Include="src\render\model\Mesh.cpp">
      <Filter>Исходные файлы</Filter>
    </ClCompile>
    <ClCompile Include="src\world\Sun.cpp">
      <Filter>Исходные файлы</Filter>
    </ClCompile>
    <ClCompile Include="src\physics\PhysicsEngine.cpp">
      <Filter>Исходные файлы</Filter>
    </ClCompile>
    <ClCompile Include="src\physics\collision\CollisionDetector.cpp">
      <Filter>Исходные файлы</Filter>
    </ClCompile>
    <ClCompile Include="src\physics\collision\CollisionHandler.cpp">
      <Filter>Исходные файлы</Filter>
    </ClCompile>
    <ClCompile Include="src\physics\collision\BoxBoxCollision.cpp">
      <Filter>Исходные файлы</Filter>
    </ClCompile>
    <ClCompile Include="src\input\handlers\MovementsInput.cpp">
      <Filter>Исходные файлы</Filter>
    </ClCompile>
    <ClCompile Include="src\utils\AssimpLoader.cpp">
      <Filter>Исходные файлы</Filter>
    </ClCompile>
    <ClCompile Include="src\textures\TextureLoader.cpp">
      <Filter>Исходные файлы</Filter>
    </ClCompile>
    <ClCompile Include="src\input\handlers\CameraInput.cpp">
      <Filter>Исходные файлы</Filter>
    </ClCompile>
    <ClCompile Include="src\render\EntityRenderer.cpp">
      <Filter>Исходные файлы</Filter>
    </ClCompile>
    <ClCompile Include="src\entity\EntitiesDatabase.cpp">
      <Filter>Исходные файлы</Filter>
    </ClCompile>
    <ClCompile Include="src\entity\Entity.cpp">
      <Filter>Исходные файлы</Filter>
    </ClCompile>
    <ClCompile Include="src\shaders\ShadersDatabase.cpp">
      <Filter>Исходные файлы</Filter>
    </ClCompile>
    <ClCompile Include="src\math\geometry\Orientation.cpp">
      <Filter>Исходные файлы</Filter>
    </ClCompile>
    <ClCompile Include="src\world\RayTracing.cpp">
      <Filter>Исходные файлы</Filter>
    </ClCompile>
    <ClCompile Include="src\world\block\Block.cpp">
      <Filter>Исходные файлы</Filter>
    </ClCompile>
    <ClCompile Include="src\physics\collider\BoxCollider.cpp">
      <Filter>Исходные файлы</Filter>
    </ClCompile>
    <ClCompile Include="src\math\geometry\Transform.cpp">
      <Filter>Исходные файлы</Filter>
    </ClCompile>
    <ClCompile Include="src\math\intersects\RayRectIntersect.cpp">
      <Filter>Исходные файлы</Filter>
    </ClCompile>
    <ClCompile Include="src\math\intersects\RayBoxIntersect.cpp">
      <Filter>Исходные файлы</Filter>
    </ClCompile>
    <ClCompile Include="src\render\BlockFrameRenderer.cpp">
      <Filter>Исходные файлы</Filter>
    </ClCompile>
    <ClCompile Include="src\input\handlers\ZoomHandler.cpp">
      <Filter>Исходные файлы</Filter>
    </ClCompile>
    <ClCompile Include="src\gui\GUIDatabase.cpp">
      <Filter>Исходные файлы</Filter>
    </ClCompile>
    <ClCompile Include="src\render\sprite\Sprite.cpp">
      <Filter>Исходные файлы</Filter>
    </ClCompile>
    <ClCompile Include="src\render\Drawable.cpp">
      <Filter>Исходные файлы</Filter>
    </ClCompile>
    <ClCompile Include="src\textures\Texture.cpp">
      <Filter>Исходные файлы</Filter>
    </ClCompile>
    <ClCompile Include="src\gui\GUI.cpp">
      <Filter>Исходные файлы</Filter>
    </ClCompile>
    <ClCompile Include="src\render\GUIRenderer.cpp">
      <Filter>Исходные файлы</Filter>
    </ClCompile>
    <ClCompile Include="src\input\handlers\WindowInput.cpp">
      <Filter>Исходные файлы</Filter>
    </ClCompile>
    <ClCompile Include="src\utils\noise\PerlinNoise2D.cpp">
      <Filter>Исходные файлы</Filter>
    </ClCompile>
    <ClCompile Include="src\world\generation\terrain\DefaultWorldGenerator.cpp">
      <Filter>Исходные файлы</Filter>
    </ClCompile>
    <ClCompile Include="src\utils\Timer.cpp">
      <Filter>Исходные файлы</Filter>
    </ClCompile>
    <ClCompile Include="src\physics\GameObject.cpp">
      <Filter>Исходные файлы</Filter>
    </ClCompile>
    <ClCompile Include="src\world\block\meta\BlockMetaLoader.cpp">
      <Filter>Исходные файлы</Filter>
    </ClCompile>
    <ClCompile Include="src\textures\CustomTexture.cpp">
      <Filter>Исходные файлы</Filter>
    </ClCompile>
    <ClCompile Include="src\utils\noise\NoiseMap.cpp">
      <Filter>Исходные файлы</Filter>
    </ClCompile>
    <ClCompile Include="src\world\Clouds.cpp">
      <Filter>Исходные файлы</Filter>
    </ClCompile>
    <ClCompile Include="src\utils\noise\NoiseManager.cpp">
      <Filter>Исходные файлы</Filter>
    </ClCompile>
    <ClCompile Include="src\render\SpriteRenderer.cpp">
      <Filter>Исходные файлы</Filter>
    </ClCompile>
    <ClCompile Include="src\render\CloudsRenderer.cpp">
      <Filter>Исходные файлы</Filter>
    </ClCompile>
    <ClCompile Include="src\GL\GLHelper.cpp">
      <Filter>Исходные файлы</Filter>
    </ClCompile>
    <ClCompile Include="src\items\ItemsDatabase.cpp">
      <Filter>Исходные файлы</Filter>
    </ClCompile>
    <ClCompile Include="src\items\meta\ItemMetaLoader.cpp">
      <Filter>Исходные файлы</Filter>
    </ClCompile>
    <ClCompile Include="src\items\inventory\Inventory.cpp">
      <Filter>Исходные файлы</Filter>
    </ClCompile>
    <ClCompile Include="src\items\inventory\InventoryView.cpp">
      <Filter>Исходные файлы</Filter>
    </ClCompile>
    <ClCompile Include="src\gui\GUIManager.cpp">
      <Filter>Исходные файлы</Filter>
    </ClCompile>
    <ClCompile Include="src\gui\InventoryGUI.cpp">
      <Filter>Исходные файлы</Filter>
    </ClCompile>
    <ClCompile Include="src\input\handlers\InventoryInput.cpp">
      <Filter>Исходные файлы</Filter>
    </ClCompile>
    <ClCompile Include="src\text\FTLoader.cpp">
      <Filter>Исходные файлы</Filter>
    </ClCompile>
    <ClCompile Include="src\text\Text2D.cpp">
      <Filter>Исходные файлы</Filter>
    </ClCompile>
    <ClCompile Include="src\render\TextRenderer.cpp">
      <Filter>Исходные файлы</Filter>
    </ClCompile>
    <ClCompile Include="src\items\meta\ItemMeta.cpp">
      <Filter>Исходные файлы</Filter>
    </ClCompile>
    <ClCompile Include="src\items\ItemStack.cpp">
      <Filter>Исходные файлы</Filter>
    </ClCompile>
    <ClCompile Include="src\render\model\MeshData.cpp">
      <Filter>Исходные файлы</Filter>
    </ClCompile>
    <ClCompile Include="src\math\shapes\AABB.cpp">
      <Filter>Исходные файлы</Filter>
    </ClCompile>
    <ClCompile Include="src\input\handlers\BlockInteractsInput.cpp">
      <Filter>Исходные файлы</Filter>
    </ClCompile>
    <ClCompile Include="src\items\DroppedItem.cpp">
      <Filter>Исходные файлы</Filter>
    </ClCompile>
    <ClCompile Include="src\items\ItemModel.cpp">
      <Filter>Исходные файлы</Filter>
    </ClCompile>
  </ItemGroup>
  <ItemGroup>
    <ClInclude Include="src\window\Window.h">
      <Filter>Исходные файлы\Window</Filter>
    </ClInclude>
    <ClInclude Include="src\input\Input.h">
      <Filter>Исходные файлы\Window</Filter>
    </ClInclude>
    <ClInclude Include="src\input\Button.h">
      <Filter>Исходные файлы\Window</Filter>
    </ClInclude>
    <ClInclude Include="src\input\CursorPos.h" />
    <ClInclude Include="dependencies\stb_image.h" />
    <ClInclude Include="src\shaders\Shader.h" />
    <ClInclude Include="src\render\model\Model.h" />
    <ClInclude Include="src\player\Camera.h" />
    <ClInclude Include="src\utils\Files.h" />
    <ClInclude Include="src\utils\Json.h" />
    <ClInclude Include="src\config\Config.h" />
    <ClInclude Include="src\render\Renderer.h" />
    <ClInclude Include="src\textures\BasicTexture.h" />
    <ClInclude Include="src\textures\CubeTexture.h" />
    <ClInclude Include="src\textures\TextureManager.h" />
    <ClInclude Include="src\textures\Image.h" />
    <ClInclude Include="src\textures\Texture.h" />
    <ClInclude Include="src\textures\TextureAtlas.h" />
    <ClInclude Include="src\world\block\BlocksDatabase.h" />
    <ClInclude Include="src\world\block\BlockType.h" />
    <ClInclude Include="src\items\Material.h" />
    <ClInclude Include="src\render\model\Mesh.h" />
    <ClInclude Include="src\world\block\Block.h" />
    <ClInclude Include="src\world\chunk\Chunk.h" />
    <ClInclude Include="src\world\chunk\ChunkModel.h" />
    <ClInclude Include="src\world\WorldConstants.h" />
    <ClInclude Include="src\world\chunk\ChunkModelBuilder.h" />
    <ClInclude Include="src\world\block\BlockFaces.h" />
    <ClInclude Include="src\world\World.h" />
    <ClInclude Include="src\world\chunk\ChunkManager.h" />
    <ClInclude Include="src\world\generation\terrain\TerrainGenerator.h" />
    <ClInclude Include="src\world\generation\terrain\DefaultWorldGenerator.h" />
    <ClInclude Include="src\render\ChunkRenderer.h" />
    <ClInclude Include="src\world\WorldPosition.h" />
    <ClInclude Include="src\utils\random\BaseRandomGenerator.h" />
    <ClInclude Include="src\utils\random\Random.h" />
    <ClInclude Include="src\utils\random\RandomGenerator.h" />
    <ClInclude Include="src\world\generation\terrain\SuperFlatGenerator.h" />
    <ClInclude Include="src\PlayState.h" />
    <ClInclude Include="src\player\Player.h" />
    <ClInclude Include="src\entity\Entity.h" />
    <ClInclude Include="src\math\shapes\AABB.h" />
    <ClInclude Include="src\math\shapes\Plane.h" />
    <ClInclude Include="src\math\shapes\Frustum.h" />
    <ClInclude Include="src\math\geometry\Transform.h" />
    <ClInclude Include="src\render\SkyboxRenderer.h" />
    <ClInclude Include="src\render\framebuffer\DepthFramebuffer.h" />
    <ClInclude Include="src\render\light\Light.h" />
    <ClInclude Include="src\render\light\DirectLight.h" />
    <ClInclude Include="src\physics\GameObject.h" />
    <ClInclude Include="src\math\geometry\Orientation.h" />
    <ClInclude Include="src\physics\collider\Collider.h" />
    <ClInclude Include="src\physics\RigidBody.h" />
    <ClInclude Include="src\physics\collider\BoxCollider.h" />
    <ClInclude Include="src\physics\PhysicsEngine.h" />
    <ClInclude Include="src\world\Sun.h" />
    <ClInclude Include="src\physics\collision\BoxBoxCollision.h" />
    <ClInclude Include="src\physics\collision\CollisionHandler.h" />
    <ClInclude Include="src\physics\collision\Collision.h" />
    <ClInclude Include="src\physics\collision\CollisionDetector.h" />
    <ClInclude Include="src\world\block\BlockColliders.h" />
    <ClInclude Include="src\world\block\BlockColliderType.h" />
    <ClInclude Include="src\input\handlers\MovementsInput.h" />
    <ClInclude Include="src\render\framebuffer\DFBConfig.h" />
    <ClInclude Include="src\render\light\PointLight.h" />
    <ClInclude Include="src\textures\TextureType.h" />
    <ClInclude Include="src\render\model\MeshData.h" />
    <ClInclude Include="src\utils\AssimpLoader.h" />
    <ClInclude Include="src\textures\TextureLoader.h" />
    <ClInclude Include="src\input\handlers\CameraInput.h" />
    <ClInclude Include="src\player\CameraViewMode.h" />
    <ClInclude Include="src\math\Mathf.h" />
    <ClInclude Include="src\render\EntityRenderer.h" />
    <ClInclude Include="src\entity\EntityType.h" />
    <ClInclude Include="src\entity\EntitiesDatabase.h" />
    <ClInclude Include="src\entity\EntityID.h" />
    <ClInclude Include="src\shaders\ShadersDatabase.h" />
    <ClInclude Include="src\shaders\ShaderType.h" />
    <ClInclude Include="src\world\block\BlockShaderType.h" />
    <ClInclude Include="src\world\RayTracing.h" />
    <ClInclude Include="src\math\shapes\Ray.h" />
    <ClInclude Include="src\math\shapes\Triangle.h" />
    <ClInclude Include="src\math\intersects\RayRectIntersect.h" />
    <ClInclude Include="src\math\intersects\Intersect1P.h" />
    <ClInclude Include="src\math\shapes\Rect.h" />
    <ClInclude Include="src\math\intersects\RayBoxIntersect.h" />
    <ClInclude Include="src\math\intersects\IntersectList.h" />
    <ClInclude Include="src\render\BlockFrameRenderer.h" />
    <ClInclude Include="src\input\handlers\ZoomHandler.h" />
    <ClInclude Include="src\gui\GUI.h" />
    <ClInclude Include="src\gui\GUIDatabase.h" />
    <ClInclude Include="src\gui\GUIElement.h" />
    <ClInclude Include="src\render\sprite\Sprite.h" />
    <ClInclude Include="src\textures\SpriteTexture.h" />
    <ClInclude Include="src\textures\AtlasCoords.h" />
    <ClInclude Include="src\render\GUIRenderer.h" />
    <ClInclude Include="src\input\handlers\WindowInput.h" />
    <ClInclude Include="src\utils\noise\PerlinNoise2D.h" />
    <ClInclude Include="src\utils\Timer.h" />
    <ClInclude Include="src\render\model\MeshType.h" />
    <ClInclude Include="src\physics\PhysicsType.h" />
    <ClInclude Include="src\math\shapes\Planes.h" />
    <ClInclude Include="src\world\block\meta\BlockMeta.h" />
    <ClInclude Include="src\world\block\meta\Liquid.h" />
    <ClInclude Include="src\world\block\meta\BlockMetaLoader.h" />
    <ClInclude Include="src\physics\PhysicsConstants.h" />
    <ClInclude Include="src\render\fog\Fog.h" />
    <ClInclude Include="src\render\fog\FogType.h" />
    <ClInclude Include="src\utils\noise\NoiseConfig.h" />
    <ClInclude Include="src\world\Clouds.h" />
    <ClInclude Include="src\textures\CustomTexture.h" />
    <ClInclude Include="src\utils\noise\NoiseMap.h" />
    <ClInclude Include="src\utils\noise\NoiseManager.h" />
    <ClInclude Include="src\render\SpriteRenderer.h" />
    <ClInclude Include="src\render\CloudsRenderer.h" />
    <ClInclude Include="src\textures\CustomImage.h" />
    <ClInclude Include="src\GL\GLHelper.h" />
    <ClInclude Include="src\items\meta\ItemMeta.h" />
    <ClInclude Include="src\items\ItemsDatabase.h" />
    <ClInclude Include="src\items\meta\ItemMetaLoader.h" />
    <ClInclude Include="src\items\meta\BlockStateMeta.h" />
    <ClInclude Include="src\world\block\states\BlockState.h" />
    <ClInclude Include="src\items\ItemStack.h" />
    <ClInclude Include="src\items\ItemType.h" />
    <ClInclude Include="src\items\inventory\Inventory.h" />
    <ClInclude Include="src\items\inventory\InventoryView.h" />
    <ClInclude Include="src\gui\GUIManager.h" />
    <ClInclude Include="src\gui\InventoryGUI.h" />
    <ClInclude Include="src\input\handlers\InventoryInput.h" />
    <ClInclude Include="src\text\FTLoader.h" />
    <ClInclude Include="src\text\FTCharacter.h" />
    <ClInclude Include="src\text\Text2D.h" />
    <ClInclude Include="src\render\TextRenderer.h" />
    <ClInclude Include="src\text\TextAlignment.h" />
    <ClInclude Include="src\utils\StringConverter.h" />
    <ClInclude Include="src\gui\InventoryItem.h" />
    <ClInclude Include="src\input\handlers\BlockInteractsInput.h" />
    <ClInclude Include="src\items\DroppedItem.h" />
    <ClInclude Include="src\items\ItemModel.h" />
    <ClInclude Include="src\world\block\BlockMeshConstants.h" />
    <ClInclude Include="src\utils\UUIDWrapper.h" />
  </ItemGroup>
  <ItemGroup>
    <None Include="config\settings.json" />
    <None Include="config\config.json" />
    <None Include="shaders\default.vs" />
    <None Include="shaders\default.fs" />
    <None Include="resources\blocks\grass_block.json" />
    <None Include="resources\blocks\air.json" />
    <None Include="resources\blocks\dirt.json" />
    <None Include="resources\blocks\stone.json" />
    <None Include="shaders\skybox.vs" />
    <None Include="shaders\skybox.fs" />
    <None Include="shaders\framebuffer.vs" />
    <None Include="shaders\framebuffer.fs" />
    <None Include="packages.config" />
    <None Include="resources\blocks\short_grass.json" />
    <None Include="resources\models\player\model.gltf" />
    <None Include="resources\entities\player.json" />
    <None Include="shaders\line.vs" />
    <None Include="shaders\line.fs" />
    <None Include="resources\gui\hud_crosshair.json" />
    <None Include="resources\gui\hud.json" />
    <None Include="src\render\Drawable.h" />
    <None Include="shaders\sprite.vs" />
    <None Include="shaders\sprite.fs" />
    <None Include="resources\blocks\water.json" />
    <None Include="resources\blocks\sand.json" />
    <None Include="resources\blocks\snow_grass.json" />
    <None Include="resources\blocks\snow_block.json" />
    <None Include="shaders\clouds.fs" />
    <None Include="resources\items\grass_block.json" />
    <None Include="resources\items\air.json" />
    <None Include="resources\gui\inventory.json" />
    <None Include="resources\gui\inventory_background.json" />
    <None Include="resources\gui\inventory_row.json" />
    <None Include="resources\gui\inventory_top.json" />
    <None Include="resources\gui\inventory_center.json" />
    <None Include="resources\gui\inventory_bottom.json" />
    <None Include="resources\gui\hotbar.json" />
    <None Include="resources\gui\slot_frame.json" />
    <None Include="shaders\text.fs" />
    <None Include="resources\gui\inventory_titles.json" />
    <None Include="resources\gui\item_description.json" />
    <None Include="resources\gui\item_description_text.json" />
    <None Include="resources\entities\dropped_item.json" />
    <None Include="resources\items\stick.json" />
  </ItemGroup>
  <ItemGroup>
    <Image Include="resources\textures\blocks_atlas.png">
      <Filter>Файлы ресурсов</Filter>
    </Image>
    <Image Include="resources\textures\skybox\back.bmp">
      <Filter>Файлы ресурсов</Filter>
    </Image>
    <Image Include="resources\textures\skybox\bottom.bmp">
      <Filter>Файлы ресурсов</Filter>
    </Image>
    <Image Include="resources\textures\skybox\front.bmp">
      <Filter>Файлы ресурсов</Filter>
    </Image>
    <Image Include="resources\textures\skybox\left.bmp">
      <Filter>Файлы ресурсов</Filter>
    </Image>
    <Image Include="resources\textures\skybox\right.bmp">
      <Filter>Файлы ресурсов</Filter>
    </Image>
    <Image Include="resources\textures\skybox\top.bmp">
      <Filter>Файлы ресурсов</Filter>
    </Image>
    <Image Include="resources\textures\skybox\stars.jpg">
      <Filter>Файлы ресурсов</Filter>
    </Image>
    <Image Include="resources\models\player\textures\gltf_embedded_0.png">
      <Filter>Файлы ресурсов</Filter>
    </Image>
    <Image Include="resources\textures\hud\icons.png">
      <Filter>Файлы ресурсов</Filter>
    </Image>
    <Image Include="resources\textures\items\grass_block.png">
      <Filter>Файлы ресурсов</Filter>
    </Image>
    <Image Include="resources\textures\inventory\inventory0.png">
      <Filter>Файлы ресурсов</Filter>
    </Image>
    <Image Include="resources\textures\inventory\inventory1.png">
      <Filter>Файлы ресурсов</Filter>
    </Image>
    <Image Include="resources\textures\inventory\inventory2.png">
      <Filter>Файлы ресурсов</Filter>
    </Image>
    <Image Include="resources\textures\inventory\inventory3.png">
      <Filter>Файлы ресурсов</Filter>
    </Image>
    <Image Include="resources\textures\inventory\inventory4.png">
      <Filter>Файлы ресурсов</Filter>
    </Image>
    <Image Include="resources\textures\inventory\inventory5.png">
      <Filter>Файлы ресурсов</Filter>
    </Image>
    <Image Include="resources\textures\inventory\inventory6.png">
      <Filter>Файлы ресурсов</Filter>
    </Image>
    <Image Include="resources\textures\gui\widgets.png">
      <Filter>Файлы ресурсов</Filter>
    </Image>
    <Image Include="resources\textures\gui\icons.png">
      <Filter>Файлы ресурсов</Filter>
    </Image>
    <Image Include="resources\textures\gui\inventory_background.png">
      <Filter>Файлы ресурсов</Filter>
    </Image>
    <Image Include="resources\textures\items\air.png">
      <Filter>Файлы ресурсов</Filter>
    </Image>
  </ItemGroup>
  <ItemGroup>
    <Font Include="resources\fonts\MinecraftiaRegular.ttf" />
  </ItemGroup>
</Project>